// !$*UTF8*$!
{
	archiveVersion = 1;
	classes = {
	};
	objectVersion = 56;
	objects = {

/* Begin PBXBuildFile section */
		222328502AE6673100F7B456 /* flexible_stickiesApp.swift in Sources */ = {isa = PBXBuildFile; fileRef = 2223284F2AE6673100F7B456 /* flexible_stickiesApp.swift */; };
		222328522AE6673100F7B456 /* ContentView.swift in Sources */ = {isa = PBXBuildFile; fileRef = 222328512AE6673100F7B456 /* ContentView.swift */; };
		222328542AE6673200F7B456 /* Assets.xcassets in Resources */ = {isa = PBXBuildFile; fileRef = 222328532AE6673200F7B456 /* Assets.xcassets */; };
		222328572AE6673200F7B456 /* Preview Assets.xcassets in Resources */ = {isa = PBXBuildFile; fileRef = 222328562AE6673200F7B456 /* Preview Assets.xcassets */; };
		222328622AE6673300F7B456 /* flexible_stickiesTests.swift in Sources */ = {isa = PBXBuildFile; fileRef = 222328612AE6673300F7B456 /* flexible_stickiesTests.swift */; };
		2223286C2AE6673300F7B456 /* flexible_stickiesUITests.swift in Sources */ = {isa = PBXBuildFile; fileRef = 2223286B2AE6673300F7B456 /* flexible_stickiesUITests.swift */; };
		2223286E2AE6673300F7B456 /* flexible_stickiesUITestsLaunchTests.swift in Sources */ = {isa = PBXBuildFile; fileRef = 2223286D2AE6673300F7B456 /* flexible_stickiesUITestsLaunchTests.swift */; };
/* End PBXBuildFile section */

/* Begin PBXContainerItemProxy section */
		2223285E2AE6673200F7B456 /* PBXContainerItemProxy */ = {
			isa = PBXContainerItemProxy;
			containerPortal = 222328442AE6673100F7B456 /* Project object */;
			proxyType = 1;
			remoteGlobalIDString = 2223284B2AE6673100F7B456;
			remoteInfo = flexible_stickies;
		};
		222328682AE6673300F7B456 /* PBXContainerItemProxy */ = {
			isa = PBXContainerItemProxy;
			containerPortal = 222328442AE6673100F7B456 /* Project object */;
			proxyType = 1;
			remoteGlobalIDString = 2223284B2AE6673100F7B456;
			remoteInfo = flexible_stickies;
		};
/* End PBXContainerItemProxy section */

/* Begin PBXFileReference section */
		2223284C2AE6673100F7B456 /* flexible_stickies.app */ = {isa = PBXFileReference; explicitFileType = wrapper.application; includeInIndex = 0; path = flexible_stickies.app; sourceTree = BUILT_PRODUCTS_DIR; };
		2223284F2AE6673100F7B456 /* flexible_stickiesApp.swift */ = {isa = PBXFileReference; lastKnownFileType = sourcecode.swift; path = flexible_stickiesApp.swift; sourceTree = "<group>"; };
		222328512AE6673100F7B456 /* ContentView.swift */ = {isa = PBXFileReference; lastKnownFileType = sourcecode.swift; path = ContentView.swift; sourceTree = "<group>"; };
		222328532AE6673200F7B456 /* Assets.xcassets */ = {isa = PBXFileReference; lastKnownFileType = folder.assetcatalog; path = Assets.xcassets; sourceTree = "<group>"; };
		222328562AE6673200F7B456 /* Preview Assets.xcassets */ = {isa = PBXFileReference; lastKnownFileType = folder.assetcatalog; path = "Preview Assets.xcassets"; sourceTree = "<group>"; };
		222328582AE6673200F7B456 /* flexible_stickies.entitlements */ = {isa = PBXFileReference; lastKnownFileType = text.plist.entitlements; path = flexible_stickies.entitlements; sourceTree = "<group>"; };
		2223285D2AE6673200F7B456 /* flexible_stickiesTests.xctest */ = {isa = PBXFileReference; explicitFileType = wrapper.cfbundle; includeInIndex = 0; path = flexible_stickiesTests.xctest; sourceTree = BUILT_PRODUCTS_DIR; };
		222328612AE6673300F7B456 /* flexible_stickiesTests.swift */ = {isa = PBXFileReference; lastKnownFileType = sourcecode.swift; path = flexible_stickiesTests.swift; sourceTree = "<group>"; };
		222328672AE6673300F7B456 /* flexible_stickiesUITests.xctest */ = {isa = PBXFileReference; explicitFileType = wrapper.cfbundle; includeInIndex = 0; path = flexible_stickiesUITests.xctest; sourceTree = BUILT_PRODUCTS_DIR; };
		2223286B2AE6673300F7B456 /* flexible_stickiesUITests.swift */ = {isa = PBXFileReference; lastKnownFileType = sourcecode.swift; path = flexible_stickiesUITests.swift; sourceTree = "<group>"; };
		2223286D2AE6673300F7B456 /* flexible_stickiesUITestsLaunchTests.swift */ = {isa = PBXFileReference; lastKnownFileType = sourcecode.swift; path = flexible_stickiesUITestsLaunchTests.swift; sourceTree = "<group>"; };
/* End PBXFileReference section */

/* Begin PBXFrameworksBuildPhase section */
		222328492AE6673100F7B456 /* Frameworks */ = {
			isa = PBXFrameworksBuildPhase;
			buildActionMask = 2147483647;
			files = (
			);
			runOnlyForDeploymentPostprocessing = 0;
		};
		2223285A2AE6673200F7B456 /* Frameworks */ = {
			isa = PBXFrameworksBuildPhase;
			buildActionMask = 2147483647;
			files = (
			);
			runOnlyForDeploymentPostprocessing = 0;
		};
		222328642AE6673300F7B456 /* Frameworks */ = {
			isa = PBXFrameworksBuildPhase;
			buildActionMask = 2147483647;
			files = (
			);
			runOnlyForDeploymentPostprocessing = 0;
		};
/* End PBXFrameworksBuildPhase section */

/* Begin PBXGroup section */
		222328432AE6673100F7B456 = {
			isa = PBXGroup;
			children = (
				2223284E2AE6673100F7B456 /* flexible_stickies */,
				222328602AE6673200F7B456 /* flexible_stickiesTests */,
				2223286A2AE6673300F7B456 /* flexible_stickiesUITests */,
				2223284D2AE6673100F7B456 /* Products */,
			);
			sourceTree = "<group>";
		};
		2223284D2AE6673100F7B456 /* Products */ = {
			isa = PBXGroup;
			children = (
				2223284C2AE6673100F7B456 /* flexible_stickies.app */,
				2223285D2AE6673200F7B456 /* flexible_stickiesTests.xctest */,
				222328672AE6673300F7B456 /* flexible_stickiesUITests.xctest */,
			);
			name = Products;
			sourceTree = "<group>";
		};
		2223284E2AE6673100F7B456 /* flexible_stickies */ = {
			isa = PBXGroup;
			children = (
				2223284F2AE6673100F7B456 /* flexible_stickiesApp.swift */,
				222328512AE6673100F7B456 /* ContentView.swift */,
				222328532AE6673200F7B456 /* Assets.xcassets */,
				222328582AE6673200F7B456 /* flexible_stickies.entitlements */,
				222328552AE6673200F7B456 /* Preview Content */,
			);
			path = flexible_stickies;
			sourceTree = "<group>";
		};
		222328552AE6673200F7B456 /* Preview Content */ = {
			isa = PBXGroup;
			children = (
				222328562AE6673200F7B456 /* Preview Assets.xcassets */,
			);
			path = "Preview Content";
			sourceTree = "<group>";
		};
		222328602AE6673200F7B456 /* flexible_stickiesTests */ = {
			isa = PBXGroup;
			children = (
				222328612AE6673300F7B456 /* flexible_stickiesTests.swift */,
			);
			path = flexible_stickiesTests;
			sourceTree = "<group>";
		};
		2223286A2AE6673300F7B456 /* flexible_stickiesUITests */ = {
			isa = PBXGroup;
			children = (
				2223286B2AE6673300F7B456 /* flexible_stickiesUITests.swift */,
				2223286D2AE6673300F7B456 /* flexible_stickiesUITestsLaunchTests.swift */,
			);
			path = flexible_stickiesUITests;
			sourceTree = "<group>";
		};
/* End PBXGroup section */

/* Begin PBXNativeTarget section */
		2223284B2AE6673100F7B456 /* flexible_stickies */ = {
			isa = PBXNativeTarget;
			buildConfigurationList = 222328712AE6673300F7B456 /* Build configuration list for PBXNativeTarget "flexible_stickies" */;
			buildPhases = (
				222328482AE6673100F7B456 /* Sources */,
				222328492AE6673100F7B456 /* Frameworks */,
				2223284A2AE6673100F7B456 /* Resources */,
			);
			buildRules = (
			);
			dependencies = (
			);
			name = flexible_stickies;
			productName = flexible_stickies;
			productReference = 2223284C2AE6673100F7B456 /* flexible_stickies.app */;
			productType = "com.apple.product-type.application";
		};
		2223285C2AE6673200F7B456 /* flexible_stickiesTests */ = {
			isa = PBXNativeTarget;
			buildConfigurationList = 222328742AE6673300F7B456 /* Build configuration list for PBXNativeTarget "flexible_stickiesTests" */;
			buildPhases = (
				222328592AE6673200F7B456 /* Sources */,
				2223285A2AE6673200F7B456 /* Frameworks */,
				2223285B2AE6673200F7B456 /* Resources */,
			);
			buildRules = (
			);
			dependencies = (
				2223285F2AE6673200F7B456 /* PBXTargetDependency */,
			);
			name = flexible_stickiesTests;
			productName = flexible_stickiesTests;
			productReference = 2223285D2AE6673200F7B456 /* flexible_stickiesTests.xctest */;
			productType = "com.apple.product-type.bundle.unit-test";
		};
		222328662AE6673300F7B456 /* flexible_stickiesUITests */ = {
			isa = PBXNativeTarget;
			buildConfigurationList = 222328772AE6673300F7B456 /* Build configuration list for PBXNativeTarget "flexible_stickiesUITests" */;
			buildPhases = (
				222328632AE6673300F7B456 /* Sources */,
				222328642AE6673300F7B456 /* Frameworks */,
				222328652AE6673300F7B456 /* Resources */,
			);
			buildRules = (
			);
			dependencies = (
				222328692AE6673300F7B456 /* PBXTargetDependency */,
			);
			name = flexible_stickiesUITests;
			productName = flexible_stickiesUITests;
			productReference = 222328672AE6673300F7B456 /* flexible_stickiesUITests.xctest */;
			productType = "com.apple.product-type.bundle.ui-testing";
		};
/* End PBXNativeTarget section */

/* Begin PBXProject section */
		222328442AE6673100F7B456 /* Project object */ = {
			isa = PBXProject;
			attributes = {
				BuildIndependentTargetsInParallel = 1;
				LastSwiftUpdateCheck = 1500;
				LastUpgradeCheck = 1500;
				TargetAttributes = {
					2223284B2AE6673100F7B456 = {
						CreatedOnToolsVersion = 15.0;
					};
					2223285C2AE6673200F7B456 = {
						CreatedOnToolsVersion = 15.0;
						TestTargetID = 2223284B2AE6673100F7B456;
					};
					222328662AE6673300F7B456 = {
						CreatedOnToolsVersion = 15.0;
						TestTargetID = 2223284B2AE6673100F7B456;
					};
				};
			};
			buildConfigurationList = 222328472AE6673100F7B456 /* Build configuration list for PBXProject "flexible_stickies" */;
			compatibilityVersion = "Xcode 14.0";
			developmentRegion = en;
			hasScannedForEncodings = 0;
			knownRegions = (
				en,
				Base,
			);
			mainGroup = 222328432AE6673100F7B456;
			productRefGroup = 2223284D2AE6673100F7B456 /* Products */;
			projectDirPath = "";
			projectRoot = "";
			targets = (
				2223284B2AE6673100F7B456 /* flexible_stickies */,
				2223285C2AE6673200F7B456 /* flexible_stickiesTests */,
				222328662AE6673300F7B456 /* flexible_stickiesUITests */,
			);
		};
/* End PBXProject section */

/* Begin PBXResourcesBuildPhase section */
		2223284A2AE6673100F7B456 /* Resources */ = {
			isa = PBXResourcesBuildPhase;
			buildActionMask = 2147483647;
			files = (
				222328572AE6673200F7B456 /* Preview Assets.xcassets in Resources */,
				222328542AE6673200F7B456 /* Assets.xcassets in Resources */,
			);
			runOnlyForDeploymentPostprocessing = 0;
		};
		2223285B2AE6673200F7B456 /* Resources */ = {
			isa = PBXResourcesBuildPhase;
			buildActionMask = 2147483647;
			files = (
			);
			runOnlyForDeploymentPostprocessing = 0;
		};
		222328652AE6673300F7B456 /* Resources */ = {
			isa = PBXResourcesBuildPhase;
			buildActionMask = 2147483647;
			files = (
			);
			runOnlyForDeploymentPostprocessing = 0;
		};
/* End PBXResourcesBuildPhase section */

/* Begin PBXSourcesBuildPhase section */
		222328482AE6673100F7B456 /* Sources */ = {
			isa = PBXSourcesBuildPhase;
			buildActionMask = 2147483647;
			files = (
				222328522AE6673100F7B456 /* ContentView.swift in Sources */,
				222328502AE6673100F7B456 /* flexible_stickiesApp.swift in Sources */,
			);
			runOnlyForDeploymentPostprocessing = 0;
		};
		222328592AE6673200F7B456 /* Sources */ = {
			isa = PBXSourcesBuildPhase;
			buildActionMask = 2147483647;
			files = (
				222328622AE6673300F7B456 /* flexible_stickiesTests.swift in Sources */,
			);
			runOnlyForDeploymentPostprocessing = 0;
		};
		222328632AE6673300F7B456 /* Sources */ = {
			isa = PBXSourcesBuildPhase;
			buildActionMask = 2147483647;
			files = (
				2223286E2AE6673300F7B456 /* flexible_stickiesUITestsLaunchTests.swift in Sources */,
				2223286C2AE6673300F7B456 /* flexible_stickiesUITests.swift in Sources */,
			);
			runOnlyForDeploymentPostprocessing = 0;
		};
/* End PBXSourcesBuildPhase section */

/* Begin PBXTargetDependency section */
		2223285F2AE6673200F7B456 /* PBXTargetDependency */ = {
			isa = PBXTargetDependency;
			target = 2223284B2AE6673100F7B456 /* flexible_stickies */;
			targetProxy = 2223285E2AE6673200F7B456 /* PBXContainerItemProxy */;
		};
		222328692AE6673300F7B456 /* PBXTargetDependency */ = {
			isa = PBXTargetDependency;
			target = 2223284B2AE6673100F7B456 /* flexible_stickies */;
			targetProxy = 222328682AE6673300F7B456 /* PBXContainerItemProxy */;
		};
/* End PBXTargetDependency section */

/* Begin XCBuildConfiguration section */
		2223286F2AE6673300F7B456 /* Debug */ = {
			isa = XCBuildConfiguration;
			buildSettings = {
				ALWAYS_SEARCH_USER_PATHS = NO;
				ASSETCATALOG_COMPILER_GENERATE_SWIFT_ASSET_SYMBOL_EXTENSIONS = YES;
				CLANG_ANALYZER_NONNULL = YES;
				CLANG_ANALYZER_NUMBER_OBJECT_CONVERSION = YES_AGGRESSIVE;
				CLANG_CXX_LANGUAGE_STANDARD = "gnu++20";
				CLANG_ENABLE_MODULES = YES;
				CLANG_ENABLE_OBJC_ARC = YES;
				CLANG_ENABLE_OBJC_WEAK = YES;
				CLANG_WARN_BLOCK_CAPTURE_AUTORELEASING = YES;
				CLANG_WARN_BOOL_CONVERSION = YES;
				CLANG_WARN_COMMA = YES;
				CLANG_WARN_CONSTANT_CONVERSION = YES;
				CLANG_WARN_DEPRECATED_OBJC_IMPLEMENTATIONS = YES;
				CLANG_WARN_DIRECT_OBJC_ISA_USAGE = YES_ERROR;
				CLANG_WARN_DOCUMENTATION_COMMENTS = YES;
				CLANG_WARN_EMPTY_BODY = YES;
				CLANG_WARN_ENUM_CONVERSION = YES;
				CLANG_WARN_INFINITE_RECURSION = YES;
				CLANG_WARN_INT_CONVERSION = YES;
				CLANG_WARN_NON_LITERAL_NULL_CONVERSION = YES;
				CLANG_WARN_OBJC_IMPLICIT_RETAIN_SELF = YES;
				CLANG_WARN_OBJC_LITERAL_CONVERSION = YES;
				CLANG_WARN_OBJC_ROOT_CLASS = YES_ERROR;
				CLANG_WARN_QUOTED_INCLUDE_IN_FRAMEWORK_HEADER = YES;
				CLANG_WARN_RANGE_LOOP_ANALYSIS = YES;
				CLANG_WARN_STRICT_PROTOTYPES = YES;
				CLANG_WARN_SUSPICIOUS_MOVE = YES;
				CLANG_WARN_UNGUARDED_AVAILABILITY = YES_AGGRESSIVE;
				CLANG_WARN_UNREACHABLE_CODE = YES;
				CLANG_WARN__DUPLICATE_METHOD_MATCH = YES;
				COPY_PHASE_STRIP = NO;
				DEBUG_INFORMATION_FORMAT = dwarf;
				ENABLE_STRICT_OBJC_MSGSEND = YES;
				ENABLE_TESTABILITY = YES;
				ENABLE_USER_SCRIPT_SANDBOXING = YES;
				GCC_C_LANGUAGE_STANDARD = gnu17;
				GCC_DYNAMIC_NO_PIC = NO;
				GCC_NO_COMMON_BLOCKS = YES;
				GCC_OPTIMIZATION_LEVEL = 0;
				GCC_PREPROCESSOR_DEFINITIONS = (
					"DEBUG=1",
					"$(inherited)",
				);
				GCC_WARN_64_TO_32_BIT_CONVERSION = YES;
				GCC_WARN_ABOUT_RETURN_TYPE = YES_ERROR;
				GCC_WARN_UNDECLARED_SELECTOR = YES;
				GCC_WARN_UNINITIALIZED_AUTOS = YES_AGGRESSIVE;
				GCC_WARN_UNUSED_FUNCTION = YES;
				GCC_WARN_UNUSED_VARIABLE = YES;
				LOCALIZATION_PREFERS_STRING_CATALOGS = YES;
				MACOSX_DEPLOYMENT_TARGET = 14.0;
				MTL_ENABLE_DEBUG_INFO = INCLUDE_SOURCE;
				MTL_FAST_MATH = YES;
				ONLY_ACTIVE_ARCH = YES;
				SDKROOT = macosx;
				SWIFT_ACTIVE_COMPILATION_CONDITIONS = "DEBUG $(inherited)";
				SWIFT_OPTIMIZATION_LEVEL = "-Onone";
			};
			name = Debug;
		};
		222328702AE6673300F7B456 /* Release */ = {
			isa = XCBuildConfiguration;
			buildSettings = {
				ALWAYS_SEARCH_USER_PATHS = NO;
				ASSETCATALOG_COMPILER_GENERATE_SWIFT_ASSET_SYMBOL_EXTENSIONS = YES;
				CLANG_ANALYZER_NONNULL = YES;
				CLANG_ANALYZER_NUMBER_OBJECT_CONVERSION = YES_AGGRESSIVE;
				CLANG_CXX_LANGUAGE_STANDARD = "gnu++20";
				CLANG_ENABLE_MODULES = YES;
				CLANG_ENABLE_OBJC_ARC = YES;
				CLANG_ENABLE_OBJC_WEAK = YES;
				CLANG_WARN_BLOCK_CAPTURE_AUTORELEASING = YES;
				CLANG_WARN_BOOL_CONVERSION = YES;
				CLANG_WARN_COMMA = YES;
				CLANG_WARN_CONSTANT_CONVERSION = YES;
				CLANG_WARN_DEPRECATED_OBJC_IMPLEMENTATIONS = YES;
				CLANG_WARN_DIRECT_OBJC_ISA_USAGE = YES_ERROR;
				CLANG_WARN_DOCUMENTATION_COMMENTS = YES;
				CLANG_WARN_EMPTY_BODY = YES;
				CLANG_WARN_ENUM_CONVERSION = YES;
				CLANG_WARN_INFINITE_RECURSION = YES;
				CLANG_WARN_INT_CONVERSION = YES;
				CLANG_WARN_NON_LITERAL_NULL_CONVERSION = YES;
				CLANG_WARN_OBJC_IMPLICIT_RETAIN_SELF = YES;
				CLANG_WARN_OBJC_LITERAL_CONVERSION = YES;
				CLANG_WARN_OBJC_ROOT_CLASS = YES_ERROR;
				CLANG_WARN_QUOTED_INCLUDE_IN_FRAMEWORK_HEADER = YES;
				CLANG_WARN_RANGE_LOOP_ANALYSIS = YES;
				CLANG_WARN_STRICT_PROTOTYPES = YES;
				CLANG_WARN_SUSPICIOUS_MOVE = YES;
				CLANG_WARN_UNGUARDED_AVAILABILITY = YES_AGGRESSIVE;
				CLANG_WARN_UNREACHABLE_CODE = YES;
				CLANG_WARN__DUPLICATE_METHOD_MATCH = YES;
				COPY_PHASE_STRIP = NO;
				DEBUG_INFORMATION_FORMAT = "dwarf-with-dsym";
				ENABLE_NS_ASSERTIONS = NO;
				ENABLE_STRICT_OBJC_MSGSEND = YES;
				ENABLE_USER_SCRIPT_SANDBOXING = YES;
				GCC_C_LANGUAGE_STANDARD = gnu17;
				GCC_NO_COMMON_BLOCKS = YES;
				GCC_WARN_64_TO_32_BIT_CONVERSION = YES;
				GCC_WARN_ABOUT_RETURN_TYPE = YES_ERROR;
				GCC_WARN_UNDECLARED_SELECTOR = YES;
				GCC_WARN_UNINITIALIZED_AUTOS = YES_AGGRESSIVE;
				GCC_WARN_UNUSED_FUNCTION = YES;
				GCC_WARN_UNUSED_VARIABLE = YES;
				LOCALIZATION_PREFERS_STRING_CATALOGS = YES;
				MACOSX_DEPLOYMENT_TARGET = 14.0;
				MTL_ENABLE_DEBUG_INFO = NO;
				MTL_FAST_MATH = YES;
				SDKROOT = macosx;
				SWIFT_COMPILATION_MODE = wholemodule;
			};
			name = Release;
		};
		222328722AE6673300F7B456 /* Debug */ = {
			isa = XCBuildConfiguration;
			buildSettings = {
				ASSETCATALOG_COMPILER_APPICON_NAME = AppIcon;
				ASSETCATALOG_COMPILER_GLOBAL_ACCENT_COLOR_NAME = AccentColor;
				CODE_SIGN_ENTITLEMENTS = flexible_stickies/flexible_stickies.entitlements;
				CODE_SIGN_STYLE = Automatic;
				COMBINE_HIDPI_IMAGES = YES;
				CURRENT_PROJECT_VERSION = 1;
				DEVELOPMENT_ASSET_PATHS = "\"flexible_stickies/Preview Content\"";
				DEVELOPMENT_TEAM = 87V6BR2SG8;
				ENABLE_HARDENED_RUNTIME = YES;
				ENABLE_PREVIEWS = YES;
				GENERATE_INFOPLIST_FILE = YES;
				INFOPLIST_KEY_NSHumanReadableCopyright = "";
				LD_RUNPATH_SEARCH_PATHS = (
					"$(inherited)",
					"@executable_path/../Frameworks",
				);
				MARKETING_VERSION = 1.0;
				PRODUCT_BUNDLE_IDENTIFIER = "dev.akaboshinit.flexible-stickies";
				PRODUCT_NAME = "$(TARGET_NAME)";
				SWIFT_EMIT_LOC_STRINGS = YES;
				SWIFT_VERSION = 5.0;
			};
			name = Debug;
		};
		222328732AE6673300F7B456 /* Release */ = {
			isa = XCBuildConfiguration;
			buildSettings = {
				ASSETCATALOG_COMPILER_APPICON_NAME = AppIcon;
				ASSETCATALOG_COMPILER_GLOBAL_ACCENT_COLOR_NAME = AccentColor;
				CODE_SIGN_ENTITLEMENTS = flexible_stickies/flexible_stickies.entitlements;
				CODE_SIGN_STYLE = Automatic;
				COMBINE_HIDPI_IMAGES = YES;
				CURRENT_PROJECT_VERSION = 1;
				DEVELOPMENT_ASSET_PATHS = "\"flexible_stickies/Preview Content\"";
				DEVELOPMENT_TEAM = 87V6BR2SG8;
				ENABLE_HARDENED_RUNTIME = YES;
				ENABLE_PREVIEWS = YES;
				GENERATE_INFOPLIST_FILE = YES;
				INFOPLIST_KEY_NSHumanReadableCopyright = "";
				LD_RUNPATH_SEARCH_PATHS = (
					"$(inherited)",
					"@executable_path/../Frameworks",
				);
				MARKETING_VERSION = 1.0;
				PRODUCT_BUNDLE_IDENTIFIER = "dev.akaboshinit.flexible-stickies";
				PRODUCT_NAME = "$(TARGET_NAME)";
				SWIFT_EMIT_LOC_STRINGS = YES;
				SWIFT_VERSION = 5.0;
			};
			name = Release;
		};
		222328752AE6673300F7B456 /* Debug */ = {
			isa = XCBuildConfiguration;
			buildSettings = {
				ALWAYS_EMBED_SWIFT_STANDARD_LIBRARIES = YES;
				BUNDLE_LOADER = "$(TEST_HOST)";
				CODE_SIGN_STYLE = Automatic;
				CURRENT_PROJECT_VERSION = 1;
				DEVELOPMENT_TEAM = 87V6BR2SG8;
				GENERATE_INFOPLIST_FILE = YES;
				MACOSX_DEPLOYMENT_TARGET = 14.0;
				MARKETING_VERSION = 1.0;
				PRODUCT_BUNDLE_IDENTIFIER = "dev.akaboshinit.flexible-stickiesTests";
				PRODUCT_NAME = "$(TARGET_NAME)";
				SWIFT_EMIT_LOC_STRINGS = NO;
				SWIFT_VERSION = 5.0;
				TEST_HOST = "$(BUILT_PRODUCTS_DIR)/flexible_stickies.app/$(BUNDLE_EXECUTABLE_FOLDER_PATH)/flexible_stickies";
			};
			name = Debug;
		};
		222328762AE6673300F7B456 /* Release */ = {
			isa = XCBuildConfiguration;
			buildSettings = {
				ALWAYS_EMBED_SWIFT_STANDARD_LIBRARIES = YES;
				BUNDLE_LOADER = "$(TEST_HOST)";
				CODE_SIGN_STYLE = Automatic;
				CURRENT_PROJECT_VERSION = 1;
				DEVELOPMENT_TEAM = 87V6BR2SG8;
				GENERATE_INFOPLIST_FILE = YES;
				MACOSX_DEPLOYMENT_TARGET = 14.0;
				MARKETING_VERSION = 1.0;
				PRODUCT_BUNDLE_IDENTIFIER = "dev.akaboshinit.flexible-stickiesTests";
				PRODUCT_NAME = "$(TARGET_NAME)";
				SWIFT_EMIT_LOC_STRINGS = NO;
				SWIFT_VERSION = 5.0;
				TEST_HOST = "$(BUILT_PRODUCTS_DIR)/flexible_stickies.app/$(BUNDLE_EXECUTABLE_FOLDER_PATH)/flexible_stickies";
			};
			name = Release;
		};
		222328782AE6673300F7B456 /* Debug */ = {
			isa = XCBuildConfiguration;
			buildSettings = {
				ALWAYS_EMBED_SWIFT_STANDARD_LIBRARIES = YES;
				CODE_SIGN_STYLE = Automatic;
				CURRENT_PROJECT_VERSION = 1;
				DEVELOPMENT_TEAM = 87V6BR2SG8;
				GENERATE_INFOPLIST_FILE = YES;
				MARKETING_VERSION = 1.0;
				PRODUCT_BUNDLE_IDENTIFIER = "dev.akaboshinit.flexible-stickiesUITests";
				PRODUCT_NAME = "$(TARGET_NAME)";
				SWIFT_EMIT_LOC_STRINGS = NO;
				SWIFT_VERSION = 5.0;
				TEST_TARGET_NAME = flexible_stickies;
			};
			name = Debug;
		};
		222328792AE6673300F7B456 /* Release */ = {
			isa = XCBuildConfiguration;
			buildSettings = {
				ALWAYS_EMBED_SWIFT_STANDARD_LIBRARIES = YES;
				CODE_SIGN_STYLE = Automatic;
				CURRENT_PROJECT_VERSION = 1;
				DEVELOPMENT_TEAM = 87V6BR2SG8;
				GENERATE_INFOPLIST_FILE = YES;
				MARKETING_VERSION = 1.0;
				PRODUCT_BUNDLE_IDENTIFIER = "dev.akaboshinit.flexible-stickiesUITests";
				PRODUCT_NAME = "$(TARGET_NAME)";
				SWIFT_EMIT_LOC_STRINGS = NO;
				SWIFT_VERSION = 5.0;
				TEST_TARGET_NAME = flexible_stickies;
			};
			name = Release;
		};
/* End XCBuildConfiguration section */

/* Begin XCConfigurationList section */
		222328472AE6673100F7B456 /* Build configuration list for PBXProject "flexible_stickies" */ = {
			isa = XCConfigurationList;
			buildConfigurations = (
				2223286F2AE6673300F7B456 /* Debug */,
				222328702AE6673300F7B456 /* Release */,
			);
			defaultConfigurationIsVisible = 0;
			defaultConfigurationName = Release;
		};
		222328712AE6673300F7B456 /* Build configuration list for PBXNativeTarget "flexible_stickies" */ = {
			isa = XCConfigurationList;
			buildConfigurations = (
				222328722AE6673300F7B456 /* Debug */,
				222328732AE6673300F7B456 /* Release */,
			);
			defaultConfigurationIsVisible = 0;
			defaultConfigurationName = Release;
		};
		222328742AE6673300F7B456 /* Build configuration list for PBXNativeTarget "flexible_stickiesTests" */ = {
			isa = XCConfigurationList;
			buildConfigurations = (
				222328752AE6673300F7B456 /* Debug */,
				222328762AE6673300F7B456 /* Release */,
			);
			defaultConfigurationIsVisible = 0;
			defaultConfigurationName = Release;
		};
		222328772AE6673300F7B456 /* Build configuration list for PBXNativeTarget "flexible_stickiesUITests" */ = {
			isa = XCConfigurationList;
			buildConfigurations = (
				222328782AE6673300F7B456 /* Debug */,
				222328792AE6673300F7B456 /* Release */,
			);
			defaultConfigurationIsVisible = 0;
			defaultConfigurationName = Release;
		};
/* End XCConfigurationList section */
	};
	rootObject = 222328442AE6673100F7B456 /* Project object */;
}
